{
  "name": "kotlinx-uuid",
  "version": "unspecified",
  "lockfileVersion": 3,
  "requires": true,
  "packages": {
    "": {
      "name": "kotlinx-uuid",
      "version": "unspecified",
      "workspaces": [
        "packages/kotlinx-uuid-kotlinx-uuid-core",
        "packages/kotlinx-uuid-kotlinx-uuid-core-test",
        "packages/kotlinx-uuid-kotlinx-uuid-sqldelight",
        "packages/kotlinx-uuid-kotlinx-uuid-sqldelight-test"
      ],
      "devDependencies": {}
    },
    "node_modules/kotlinx-uuid-kotlinx-uuid-core": {
      "resolved": "packages/kotlinx-uuid-kotlinx-uuid-core",
      "link": true
    },
    "node_modules/kotlinx-uuid-kotlinx-uuid-core-test": {
      "resolved": "packages/kotlinx-uuid-kotlinx-uuid-core-test",
      "link": true
    },
    "node_modules/kotlinx-uuid-kotlinx-uuid-sqldelight": {
      "resolved": "packages/kotlinx-uuid-kotlinx-uuid-sqldelight",
      "link": true
    },
    "node_modules/kotlinx-uuid-kotlinx-uuid-sqldelight-test": {
      "resolved": "packages/kotlinx-uuid-kotlinx-uuid-sqldelight-test",
      "link": true
    },
    "packages/kotlinx-uuid-kotlinx-uuid-core": {
      "version": "0.0.0-unspecified",
      "devDependencies": {}
    },
    "packages/kotlinx-uuid-kotlinx-uuid-core-test": {
      "version": "0.0.0-unspecified",
      "devDependencies": {}
    },
    "packages/kotlinx-uuid-kotlinx-uuid-sqldelight": {
      "version": "0.0.0-unspecified",
      "devDependencies": {}
    },
    "packages/kotlinx-uuid-kotlinx-uuid-sqldelight-test": {
      "version": "0.0.0-unspecified",
      "devDependencies": {}
    }
  }
}
