{
  "name": "kotlinx-uuid",
  "version": "unspecified",
  "lockfileVersion": 3,
  "requires": true,
  "packages": {
    "": {
      "name": "kotlinx-uuid",
      "version": "unspecified",
      "workspaces": [
        "packages/kotlinx-uuid-kotlinx-uuid-core",
        "packages/kotlinx-uuid-kotlinx-uuid-core-test",
        "packages/kotlinx-uuid-kotlinx-uuid-datetime",
        "packages/kotlinx-uuid-kotlinx-uuid-datetime-test",
        "packages_imported/Kotlin-DateTime-library-kotlinx-datetime-wasm-js/0.6.2"
      ],
      "devDependencies": {}
    },
    "node_modules/@js-joda/core": {
      "version": "3.2.0",
      "resolved": "https://registry.npmjs.org/@js-joda/core/-/core-3.2.0.tgz",
      "integrity": "sha512-PMqgJ0sw5B7FKb2d5bWYIoxjri+QlW/Pys7+Rw82jSH0QN3rB05jZ/VrrsUdh1w4+i2kw9JOejXGq/KhDOX7Kg==",
      "license": "BSD-3-Clause"
    },
    "node_modules/format-util": {
      "version": "1.0.5",
      "resolved": "https://registry.npmjs.org/format-util/-/format-util-1.0.5.tgz",
      "integrity": "sha512-varLbTj0e0yVyRpqQhuWV+8hlePAgaoFRhNFj50BNjEIrw1/DphHSObtqwskVCPWNgzwPoQrZAbfa/SBiicNeg==",
      "license": "MIT"
    },
    "node_modules/Kotlin-DateTime-library-kotlinx-datetime-wasm-js": {
      "resolved": "packages_imported/Kotlin-DateTime-library-kotlinx-datetime-wasm-js/0.6.2",
      "link": true
    },
    "node_modules/kotlinx-uuid-kotlinx-uuid-core": {
      "resolved": "packages/kotlinx-uuid-kotlinx-uuid-core",
      "link": true
    },
    "node_modules/kotlinx-uuid-kotlinx-uuid-core-test": {
      "resolved": "packages/kotlinx-uuid-kotlinx-uuid-core-test",
      "link": true
    },
    "node_modules/kotlinx-uuid-kotlinx-uuid-datetime": {
      "resolved": "packages/kotlinx-uuid-kotlinx-uuid-datetime",
      "link": true
    },
    "node_modules/kotlinx-uuid-kotlinx-uuid-datetime-test": {
      "resolved": "packages/kotlinx-uuid-kotlinx-uuid-datetime-test",
      "link": true
    },
    "node_modules/typescript": {
      "version": "5.5.4",
      "resolved": "https://registry.npmjs.org/typescript/-/typescript-5.5.4.tgz",
      "integrity": "sha512-Mtq29sKDAEYP7aljRgtPOpTvOfbwRWlS6dPRzwjdE+C0R4brX/GUyhHSecbHMFLNBLcJIPt9nl9yG5TZ1weH+Q==",
      "dev": true,
      "license": "Apache-2.0",
      "bin": {
        "tsc": "bin/tsc",
        "tsserver": "bin/tsserver"
      },
      "engines": {
        "node": ">=14.17"
      }
    },
    "packages_imported/Kotlin-DateTime-library-kotlinx-datetime-wasm-js/0.6.2": {
      "name": "Kotlin-DateTime-library-kotlinx-datetime-wasm-js",
      "version": "0.6.2",
      "dependencies": {
        "@js-joda/core": "3.2.0",
        "format-util": "^1.0.5"
      },
      "devDependencies": {}
    },
    "packages/kotlinx-uuid-kotlinx-uuid-core": {
      "version": "0.0.0-unspecified",
      "devDependencies": {}
    },
    "packages/kotlinx-uuid-kotlinx-uuid-core-test": {
      "version": "0.0.0-unspecified",
      "devDependencies": {
        "typescript": "5.5.4"
      }
    },
    "packages/kotlinx-uuid-kotlinx-uuid-datetime": {
      "version": "0.0.0-unspecified",
      "dependencies": {
        "@js-joda/core": "3.2.0",
        "format-util": "^1.0.5"
      },
      "devDependencies": {}
    },
    "packages/kotlinx-uuid-kotlinx-uuid-datetime-test": {
      "version": "0.0.0-unspecified",
      "dependencies": {
        "@js-joda/core": "3.2.0",
        "format-util": "^1.0.5"
      },
      "devDependencies": {
        "typescript": "5.5.4"
      }
    }
  }
}
